
Microsoft Visual Studio Solution File, Format Version 12.00
# Visual Studio Version 17
VisualStudioVersion = 17.11.35327.3
MinimumVisualStudioVersion = 10.0.40219.1
Project("{FAE04EC0-301F-11D3-BF4B-00C04F79EFBC}") = "Notes App", "Notes App\Notes App.csproj", "{91E06E86-C322-474B-8F7C-7B398BB393A8}"
EndProject
Global
	GlobalSection(SolutionConfigurationPlatforms) = preSolution
		Debug|Any CPU = Debug|Any CPU
		Release|Any CPU = Release|Any CPU
	EndGlobalSection
	GlobalSection(ProjectConfigurationPlatforms) = postSolution
		{91E06E86-C322-474B-8F7C-7B398BB393A8}.Debug|Any CPU.ActiveCfg = Debug|Any CPU
		{91E06E86-C322-474B-8F7C-7B398BB393A8}.Debug|Any CPU.Build.0 = Debug|Any CPU
		{91E06E86-C322-474B-8F7C-7B398BB393A8}.Release|Any CPU.ActiveCfg = Release|Any CPU
		{91E06E86-C322-474B-8F7C-7B398BB393A8}.Release|Any CPU.Build.0 = Release|Any CPU
	EndGlobalSection
	GlobalSection(SolutionProperties) = preSolution
		HideSolutionNode = FALSE
	EndGlobalSection
	GlobalSection(ExtensibilityGlobals) = postSolution
		SolutionGuid = {B326D209-0F98-4AA4-8D52-1FE2DE94158F}
	EndGlobalSection
EndGlobal
